
Microsoft Visual Studio Solution File, Format Version 12.00
# Visual Studio 15
VisualStudioVersion = 15.0.26124.0
MinimumVisualStudioVersion = 15.0.26124.0
Project("{FAE04EC0-301F-11D3-BF4B-00C04F79EFBC}") = "Text", "Text\Text.csproj", "{3DFF3292-D672-4705-B838-A542ED69F610}"
EndProject
Project("{FAE04EC0-301F-11D3-BF4B-00C04F79EFBC}") = "Text.Tests", "Text.Tests\Text.Tests.csproj", "{2CF95201-B94B-4AF0-BA67-F8386FA3E4BB}"
EndProject
Global
	GlobalSection(SolutionConfigurationPlatforms) = preSolution
		Debug|Any CPU = Debug|Any CPU
		Debug|x64 = Debug|x64
		Debug|x86 = Debug|x86
		Release|Any CPU = Release|Any CPU
		Release|x64 = Release|x64
		Release|x86 = Release|x86
	EndGlobalSection
	GlobalSection(SolutionProperties) = preSolution
		HideSolutionNode = FALSE
	EndGlobalSection
	GlobalSection(ProjectConfigurationPlatforms) = postSolution
		{3DFF3292-D672-4705-B838-A542ED69F610}.Debug|Any CPU.ActiveCfg = Debug|Any CPU
		{3DFF3292-D672-4705-B838-A542ED69F610}.Debug|Any CPU.Build.0 = Debug|Any CPU
		{3DFF3292-D672-4705-B838-A542ED69F610}.Debug|x64.ActiveCfg = Debug|Any CPU
		{3DFF3292-D672-4705-B838-A542ED69F610}.Debug|x64.Build.0 = Debug|Any CPU
		{3DFF3292-D672-4705-B838-A542ED69F610}.Debug|x86.ActiveCfg = Debug|Any CPU
		{3DFF3292-D672-4705-B838-A542ED69F610}.Debug|x86.Build.0 = Debug|Any CPU
		{3DFF3292-D672-4705-B838-A542ED69F610}.Release|Any CPU.ActiveCfg = Release|Any CPU
		{3DFF3292-D672-4705-B838-A542ED69F610}.Release|Any CPU.Build.0 = Release|Any CPU
		{3DFF3292-D672-4705-B838-A542ED69F610}.Release|x64.ActiveCfg = Release|Any CPU
		{3DFF3292-D672-4705-B838-A542ED69F610}.Release|x64.Build.0 = Release|Any CPU
		{3DFF3292-D672-4705-B838-A542ED69F610}.Release|x86.ActiveCfg = Release|Any CPU
		{3DFF3292-D672-4705-B838-A542ED69F610}.Release|x86.Build.0 = Release|Any CPU
		{2CF95201-B94B-4AF0-BA67-F8386FA3E4BB}.Debug|Any CPU.ActiveCfg = Debug|Any CPU
		{2CF95201-B94B-4AF0-BA67-F8386FA3E4BB}.Debug|Any CPU.Build.0 = Debug|Any CPU
		{2CF95201-B94B-4AF0-BA67-F8386FA3E4BB}.Debug|x64.ActiveCfg = Debug|Any CPU
		{2CF95201-B94B-4AF0-BA67-F8386FA3E4BB}.Debug|x64.Build.0 = Debug|Any CPU
		{2CF95201-B94B-4AF0-BA67-F8386FA3E4BB}.Debug|x86.ActiveCfg = Debug|Any CPU
		{2CF95201-B94B-4AF0-BA67-F8386FA3E4BB}.Debug|x86.Build.0 = Debug|Any CPU
		{2CF95201-B94B-4AF0-BA67-F8386FA3E4BB}.Release|Any CPU.ActiveCfg = Release|Any CPU
		{2CF95201-B94B-4AF0-BA67-F8386FA3E4BB}.Release|Any CPU.Build.0 = Release|Any CPU
		{2CF95201-B94B-4AF0-BA67-F8386FA3E4BB}.Release|x64.ActiveCfg = Release|Any CPU
		{2CF95201-B94B-4AF0-BA67-F8386FA3E4BB}.Release|x64.Build.0 = Release|Any CPU
		{2CF95201-B94B-4AF0-BA67-F8386FA3E4BB}.Release|x86.ActiveCfg = Release|Any CPU
		{2CF95201-B94B-4AF0-BA67-F8386FA3E4BB}.Release|x86.Build.0 = Release|Any CPU
	EndGlobalSection
EndGlobal
