
Microsoft Visual Studio Solution File, Format Version 12.00
# Visual Studio 15
VisualStudioVersion = 15.0.26124.0
MinimumVisualStudioVersion = 15.0.26124.0
Project("{FAE04EC0-301F-11D3-BF4B-00C04F79EFBC}") = "MyMath", "MyMath\MyMath.csproj", "{A52B70DC-A945-441C-84D1-B37F522EE445}"
EndProject
Project("{FAE04EC0-301F-11D3-BF4B-00C04F79EFBC}") = "MyMath.Tests", "MyMath.Tests\MyMath.Tests.csproj", "{FFE10303-9564-41F2-AE44-BD4D3F0FBDF9}"
EndProject
Global
	GlobalSection(SolutionConfigurationPlatforms) = preSolution
		Debug|Any CPU = Debug|Any CPU
		Debug|x64 = Debug|x64
		Debug|x86 = Debug|x86
		Release|Any CPU = Release|Any CPU
		Release|x64 = Release|x64
		Release|x86 = Release|x86
	EndGlobalSection
	GlobalSection(SolutionProperties) = preSolution
		HideSolutionNode = FALSE
	EndGlobalSection
	GlobalSection(ProjectConfigurationPlatforms) = postSolution
		{A52B70DC-A945-441C-84D1-B37F522EE445}.Debug|Any CPU.ActiveCfg = Debug|Any CPU
		{A52B70DC-A945-441C-84D1-B37F522EE445}.Debug|Any CPU.Build.0 = Debug|Any CPU
		{A52B70DC-A945-441C-84D1-B37F522EE445}.Debug|x64.ActiveCfg = Debug|Any CPU
		{A52B70DC-A945-441C-84D1-B37F522EE445}.Debug|x64.Build.0 = Debug|Any CPU
		{A52B70DC-A945-441C-84D1-B37F522EE445}.Debug|x86.ActiveCfg = Debug|Any CPU
		{A52B70DC-A945-441C-84D1-B37F522EE445}.Debug|x86.Build.0 = Debug|Any CPU
		{A52B70DC-A945-441C-84D1-B37F522EE445}.Release|Any CPU.ActiveCfg = Release|Any CPU
		{A52B70DC-A945-441C-84D1-B37F522EE445}.Release|Any CPU.Build.0 = Release|Any CPU
		{A52B70DC-A945-441C-84D1-B37F522EE445}.Release|x64.ActiveCfg = Release|Any CPU
		{A52B70DC-A945-441C-84D1-B37F522EE445}.Release|x64.Build.0 = Release|Any CPU
		{A52B70DC-A945-441C-84D1-B37F522EE445}.Release|x86.ActiveCfg = Release|Any CPU
		{A52B70DC-A945-441C-84D1-B37F522EE445}.Release|x86.Build.0 = Release|Any CPU
		{FFE10303-9564-41F2-AE44-BD4D3F0FBDF9}.Debug|Any CPU.ActiveCfg = Debug|Any CPU
		{FFE10303-9564-41F2-AE44-BD4D3F0FBDF9}.Debug|Any CPU.Build.0 = Debug|Any CPU
		{FFE10303-9564-41F2-AE44-BD4D3F0FBDF9}.Debug|x64.ActiveCfg = Debug|Any CPU
		{FFE10303-9564-41F2-AE44-BD4D3F0FBDF9}.Debug|x64.Build.0 = Debug|Any CPU
		{FFE10303-9564-41F2-AE44-BD4D3F0FBDF9}.Debug|x86.ActiveCfg = Debug|Any CPU
		{FFE10303-9564-41F2-AE44-BD4D3F0FBDF9}.Debug|x86.Build.0 = Debug|Any CPU
		{FFE10303-9564-41F2-AE44-BD4D3F0FBDF9}.Release|Any CPU.ActiveCfg = Release|Any CPU
		{FFE10303-9564-41F2-AE44-BD4D3F0FBDF9}.Release|Any CPU.Build.0 = Release|Any CPU
		{FFE10303-9564-41F2-AE44-BD4D3F0FBDF9}.Release|x64.ActiveCfg = Release|Any CPU
		{FFE10303-9564-41F2-AE44-BD4D3F0FBDF9}.Release|x64.Build.0 = Release|Any CPU
		{FFE10303-9564-41F2-AE44-BD4D3F0FBDF9}.Release|x86.ActiveCfg = Release|Any CPU
		{FFE10303-9564-41F2-AE44-BD4D3F0FBDF9}.Release|x86.Build.0 = Release|Any CPU
	EndGlobalSection
EndGlobal
